{
  "name": "langcodeexpander",
  "version": "1.0.0",
  "lockfileVersion": 1,
  "requires": true,
  "dependencies": {
    "ansi-regex": {
      "version": "4.1.0",
      "resolved": "https://registry.npmjs.org/ansi-regex/-/ansi-regex-4.1.0.tgz",
      "integrity": "sha512-1apePfXM1UOSqw0o9IiFAovVz9M5S1Dg+4TrDwfMewQ6p/rmMueb7tWZjQ1rx4Loy1ArBggoqGpfqqdI4rondg=="
    },
    "iso-3166-1-alpha-2": {
      "version": "1.0.0",
      "resolved": "https://registry.npmjs.org/iso-3166-1-alpha-2/-/iso-3166-1-alpha-2-1.0.0.tgz",
      "integrity": "sha1-vJ4LuU5YTfVGipMpl6KFUuJvl6w=",
      "requires": {
        "mout": "^0.11.0"
      }
    },
    "iso-639-1": {
      "version": "2.1.8",
      "resolved": "https://registry.npmjs.org/iso-639-1/-/iso-639-1-2.1.8.tgz",
      "integrity": "sha512-Ol0R5oepQmWTMrlzSx8giSQ4hQsh2SZI/fsAy+nYc5O+RsYeixy2tsGUYJNadqqoOcbanSbFTqK17PRKpuNCAw=="
    },
    "iso-639-1-zh": {
      "version": "2.0.4",
      "resolved": "https://registry.npmjs.org/iso-639-1-zh/-/iso-639-1-zh-2.0.4.tgz",
      "integrity": "sha1-YbV30U7osMLI5zaXo8iU/gLb1UE=",
      "requires": {
        "iso-639-1": "^2.0.0"
      }
    },
    "locale-code": {
      "version": "2.0.2",
      "resolved": "https://registry.npmjs.org/locale-code/-/locale-code-2.0.2.tgz",
      "integrity": "sha512-wNcUMwk6Nlc10pnZZXWtKArAOZHhH8p2vohPEIENg7ImwMrib/CwKSvyV4g9Wm7KjylyHzXnEMz4i/W3w57wlw==",
      "requires": {
        "iso-3166-1-alpha-2": "~1.0.0",
        "iso-639-1-zh": "^2.0.4"
      }
    },
    "mout": {
      "version": "0.11.1",
      "resolved": "https://registry.npmjs.org/mout/-/mout-0.11.1.tgz",
      "integrity": "sha1-ujYR318OWx/7/QEWa48C0fX6K5k="
    },
    "prompt-sync": {
      "version": "4.2.0",
      "resolved": "https://registry.npmjs.org/prompt-sync/-/prompt-sync-4.2.0.tgz",
      "integrity": "sha512-BuEzzc5zptP5LsgV5MZETjDaKSWfchl5U9Luiu8SKp7iZWD5tZalOxvNcZRwv+d2phNFr8xlbxmFNcRKfJOzJw==",
      "requires": {
        "strip-ansi": "^5.0.0"
      }
    },
    "strip-ansi": {
      "version": "5.2.0",
      "resolved": "https://registry.npmjs.org/strip-ansi/-/strip-ansi-5.2.0.tgz",
      "integrity": "sha512-DuRs1gKbBqsMKIZlrffwlug8MHkcnpjs5VPmL1PAh+mA30U0DTotfDZ0d2UUsXpPmPmMMJ6W773MaA3J+lbiWA==",
      "requires": {
        "ansi-regex": "^4.1.0"
      }
    },
    "svg-country-flags": {
      "version": "1.2.10",
      "resolved": "https://registry.npmjs.org/svg-country-flags/-/svg-country-flags-1.2.10.tgz",
      "integrity": "sha512-xrqwo0TYf/h2cfPvGpjdSuSguUbri4vNNizBnwzoZnX0xGo3O5nGJMlbYEp7NOYcnPGBm6LE2axqDWSB847bLw=="
    }
  }
}
